// !$*UTF8*$!
{
	archiveVersion = 1;
	classes = {
	};
	objectVersion = 46;
	objects = {

/* Begin PBXBuildFile section */
		593CFE601C466BE000EE1F1E /* AppDelegate.swift in Sources */ = {isa = PBXBuildFile; fileRef = 593CFE5F1C466BE000EE1F1E /* AppDelegate.swift */; };
		593CFE651C466BE000EE1F1E /* Main.storyboard in Resources */ = {isa = PBXBuildFile; fileRef = 593CFE631C466BE000EE1F1E /* Main.storyboard */; };
		593CFE671C466BE000EE1F1E /* Assets.xcassets in Resources */ = {isa = PBXBuildFile; fileRef = 593CFE661C466BE000EE1F1E /* Assets.xcassets */; };
		593CFE6A1C466BE000EE1F1E /* LaunchScreen.storyboard in Resources */ = {isa = PBXBuildFile; fileRef = 593CFE681C466BE000EE1F1E /* LaunchScreen.storyboard */; };
		593CFE721C466CCE00EE1F1E /* RestaurantTableViewController.swift in Sources */ = {isa = PBXBuildFile; fileRef = 593CFE711C466CCE00EE1F1E /* RestaurantTableViewController.swift */; };
/* End PBXBuildFile section */

/* Begin PBXFileReference section */
		593CFE5C1C466BE000EE1F1E /* FoodPin.app */ = {isa = PBXFileReference; explicitFileType = wrapper.application; includeInIndex = 0; path = FoodPin.app; sourceTree = BUILT_PRODUCTS_DIR; };
		593CFE5F1C466BE000EE1F1E /* AppDelegate.swift */ = {isa = PBXFileReference; lastKnownFileType = sourcecode.swift; path = AppDelegate.swift; sourceTree = "<group>"; };
		593CFE641C466BE000EE1F1E /* Base */ = {isa = PBXFileReference; lastKnownFileType = file.storyboard; name = Base; path = Base.lproj/Main.storyboard; sourceTree = "<group>"; };
		593CFE661C466BE000EE1F1E /* Assets.xcassets */ = {isa = PBXFileReference; lastKnownFileType = folder.assetcatalog; path = Assets.xcassets; sourceTree = "<group>"; };
		593CFE691C466BE000EE1F1E /* Base */ = {isa = PBXFileReference; lastKnownFileType = file.storyboard; name = Base; path = Base.lproj/LaunchScreen.storyboard; sourceTree = "<group>"; };
		593CFE6B1C466BE000EE1F1E /* Info.plist */ = {isa = PBXFileReference; lastKnownFileType = text.plist.xml; path = Info.plist; sourceTree = "<group>"; };
		593CFE711C466CCE00EE1F1E /* RestaurantTableViewController.swift */ = {isa = PBXFileReference; fileEncoding = 4; lastKnownFileType = sourcecode.swift; name = RestaurantTableViewController.swift; path = ../RestaurantTableViewController.swift; sourceTree = "<group>"; };
/* End PBXFileReference section */

/* Begin PBXFrameworksBuildPhase section */
		593CFE591C466BE000EE1F1E /* Frameworks */ = {
			isa = PBXFrameworksBuildPhase;
			buildActionMask = 2147483647;
			files = (
			);
			runOnlyForDeploymentPostprocessing = 0;
		};
/* End PBXFrameworksBuildPhase section */

/* Begin PBXGroup section */
		593CFE531C466BDF00EE1F1E = {
			isa = PBXGroup;
			children = (
				593CFE5E1C466BE000EE1F1E /* FoodPin */,
				593CFE5D1C466BE000EE1F1E /* Products */,
			);
			sourceTree = "<group>";
		};
		593CFE5D1C466BE000EE1F1E /* Products */ = {
			isa = PBXGroup;
			children = (
				593CFE5C1C466BE000EE1F1E /* FoodPin.app */,
			);
			name = Products;
			sourceTree = "<group>";
		};
		593CFE5E1C466BE000EE1F1E /* FoodPin */ = {
			isa = PBXGroup;
			children = (
				593CFE711C466CCE00EE1F1E /* RestaurantTableViewController.swift */,
				593CFE5F1C466BE000EE1F1E /* AppDelegate.swift */,
				593CFE631C466BE000EE1F1E /* Main.storyboard */,
				593CFE661C466BE000EE1F1E /* Assets.xcassets */,
				593CFE681C466BE000EE1F1E /* LaunchScreen.storyboard */,
				593CFE6B1C466BE000EE1F1E /* Info.plist */,
			);
			path = FoodPin;
			sourceTree = "<group>";
		};
/* End PBXGroup section */

/* Begin PBXNativeTarget section */
		593CFE5B1C466BE000EE1F1E /* FoodPin */ = {
			isa = PBXNativeTarget;
			buildConfigurationList = 593CFE6E1C466BE000EE1F1E /* Build configuration list for PBXNativeTarget "FoodPin" */;
			buildPhases = (
				593CFE581C466BE000EE1F1E /* Sources */,
				593CFE591C466BE000EE1F1E /* Frameworks */,
				593CFE5A1C466BE000EE1F1E /* Resources */,
			);
			buildRules = (
			);
			dependencies = (
			);
			name = FoodPin;
			productName = FoodPin;
			productReference = 593CFE5C1C466BE000EE1F1E /* FoodPin.app */;
			productType = "com.apple.product-type.application";
		};
/* End PBXNativeTarget section */

/* Begin PBXProject section */
		593CFE541C466BDF00EE1F1E /* Project object */ = {
			isa = PBXProject;
			attributes = {
				LastSwiftUpdateCheck = 0720;
				LastUpgradeCheck = 0720;
				ORGANIZATIONNAME = "Brijrajsinh Gohil";
				TargetAttributes = {
					593CFE5B1C466BE000EE1F1E = {
						CreatedOnToolsVersion = 7.2;
					};
				};
			};
			buildConfigurationList = 593CFE571C466BDF00EE1F1E /* Build configuration list for PBXProject "FoodPin" */;
			compatibilityVersion = "Xcode 3.2";
			developmentRegion = English;
			hasScannedForEncodings = 0;
			knownRegions = (
				en,
				Base,
			);
			mainGroup = 593CFE531C466BDF00EE1F1E;
			productRefGroup = 593CFE5D1C466BE000EE1F1E /* Products */;
			projectDirPath = "";
			projectRoot = "";
			targets = (
				593CFE5B1C466BE000EE1F1E /* FoodPin */,
			);
		};
/* End PBXProject section */

/* Begin PBXResourcesBuildPhase section */
		593CFE5A1C466BE000EE1F1E /* Resources */ = {
			isa = PBXResourcesBuildPhase;
			buildActionMask = 2147483647;
			files = (
				593CFE6A1C466BE000EE1F1E /* LaunchScreen.storyboard in Resources */,
				593CFE671C466BE000EE1F1E /* Assets.xcassets in Resources */,
				593CFE651C466BE000EE1F1E /* Main.storyboard in Resources */,
			);
			runOnlyForDeploymentPostprocessing = 0;
		};
/* End PBXResourcesBuildPhase section */

/* Begin PBXSourcesBuildPhase section */
		593CFE581C466BE000EE1F1E /* Sources */ = {
			isa = PBXSourcesBuildPhase;
			buildActionMask = 2147483647;
			files = (
				593CFE721C466CCE00EE1F1E /* RestaurantTableViewController.swift in Sources */,
				593CFE601C466BE000EE1F1E /* AppDelegate.swift in Sources */,
			);
			runOnlyForDeploymentPostprocessing = 0;
		};
/* End PBXSourcesBuildPhase section */

/* Begin PBXVariantGroup section */
		593CFE631C466BE000EE1F1E /* Main.storyboard */ = {
			isa = PBXVariantGroup;
			children = (
				593CFE641C466BE000EE1F1E /* Base */,
			);
			name = Main.storyboard;
			sourceTree = "<group>";
		};
		593CFE681C466BE000EE1F1E /* LaunchScreen.storyboard */ = {
			isa = PBXVariantGroup;
			children = (
				593CFE691C466BE000EE1F1E /* Base */,
			);
			name = LaunchScreen.storyboard;
			sourceTree = "<group>";
		};
/* End PBXVariantGroup section */

/* Begin XCBuildConfiguration section */
		593CFE6C1C466BE000EE1F1E /* Debug */ = {
			isa = XCBuildConfiguration;
			buildSettings = {
				ALWAYS_SEARCH_USER_PATHS = NO;
				CLANG_CXX_LANGUAGE_STANDARD = "gnu++0x";
				CLANG_CXX_LIBRARY = "libc++";
				CLANG_ENABLE_MODULES = YES;
				CLANG_ENABLE_OBJC_ARC = YES;
				CLANG_WARN_BOOL_CONVERSION = YES;
				CLANG_WARN_CONSTANT_CONVERSION = YES;
				CLANG_WARN_DIRECT_OBJC_ISA_USAGE = YES_ERROR;
				CLANG_WARN_EMPTY_BODY = YES;
				CLANG_WARN_ENUM_CONVERSION = YES;
				CLANG_WARN_INT_CONVERSION = YES;
				CLANG_WARN_OBJC_ROOT_CLASS = YES_ERROR;
				CLANG_WARN_UNREACHABLE_CODE = YES;
				CLANG_WARN__DUPLICATE_METHOD_MATCH = YES;
				"CODE_SIGN_IDENTITY[sdk=iphoneos*]" = "iPhone Developer";
				COPY_PHASE_STRIP = NO;
				DEBUG_INFORMATION_FORMAT = dwarf;
				ENABLE_STRICT_OBJC_MSGSEND = YES;
				ENABLE_TESTABILITY = YES;
				GCC_C_LANGUAGE_STANDARD = gnu99;
				GCC_DYNAMIC_NO_PIC = NO;
				GCC_NO_COMMON_BLOCKS = YES;
				GCC_OPTIMIZATION_LEVEL = 0;
				GCC_PREPROCESSOR_DEFINITIONS = (
					"DEBUG=1",
					"$(inherited)",
				);
				GCC_WARN_64_TO_32_BIT_CONVERSION = YES;
				GCC_WARN_ABOUT_RETURN_TYPE = YES_ERROR;
				GCC_WARN_UNDECLARED_SELECTOR = YES;
				GCC_WARN_UNINITIALIZED_AUTOS = YES_AGGRESSIVE;
				GCC_WARN_UNUSED_FUNCTION = YES;
				GCC_WARN_UNUSED_VARIABLE = YES;
				IPHONEOS_DEPLOYMENT_TARGET = 9.2;
				MTL_ENABLE_DEBUG_INFO = YES;
				ONLY_ACTIVE_ARCH = YES;
				SDKROOT = iphoneos;
				SWIFT_OPTIMIZATION_LEVEL = "-Onone";
			};
			name = Debug;
		};
		593CFE6D1C466BE000EE1F1E /* Release */ = {
			isa = XCBuildConfiguration;
			buildSettings = {
				ALWAYS_SEARCH_USER_PATHS = NO;
				CLANG_CXX_LANGUAGE_STANDARD = "gnu++0x";
				CLANG_CXX_LIBRARY = "libc++";
				CLANG_ENABLE_MODULES = YES;
				CLANG_ENABLE_OBJC_ARC = YES;
				CLANG_WARN_BOOL_CONVERSION = YES;
				CLANG_WARN_CONSTANT_CONVERSION = YES;
				CLANG_WARN_DIRECT_OBJC_ISA_USAGE = YES_ERROR;
				CLANG_WARN_EMPTY_BODY = YES;
				CLANG_WARN_ENUM_CONVERSION = YES;
				CLANG_WARN_INT_CONVERSION = YES;
				CLANG_WARN_OBJC_ROOT_CLASS = YES_ERROR;
				CLANG_WARN_UNREACHABLE_CODE = YES;
				CLANG_WARN__DUPLICATE_METHOD_MATCH = YES;
				"CODE_SIGN_IDENTITY[sdk=iphoneos*]" = "iPhone Developer";
				COPY_PHASE_STRIP = NO;
				DEBUG_INFORMATION_FORMAT = "dwarf-with-dsym";
				ENABLE_NS_ASSERTIONS = NO;
				ENABLE_STRICT_OBJC_MSGSEND = YES;
				GCC_C_LANGUAGE_STANDARD = gnu99;
				GCC_NO_COMMON_BLOCKS = YES;
				GCC_WARN_64_TO_32_BIT_CONVERSION = YES;
				GCC_WARN_ABOUT_RETURN_TYPE = YES_ERROR;
				GCC_WARN_UNDECLARED_SELECTOR = YES;
				GCC_WARN_UNINITIALIZED_AUTOS = YES_AGGRESSIVE;
				GCC_WARN_UNUSED_FUNCTION = YES;
				GCC_WARN_UNUSED_VARIABLE = YES;
				IPHONEOS_DEPLOYMENT_TARGET = 9.2;
				MTL_ENABLE_DEBUG_INFO = NO;
				SDKROOT = iphoneos;
				VALIDATE_PRODUCT = YES;
			};
			name = Release;
		};
		593CFE6F1C466BE000EE1F1E /* Debug */ = {
			isa = XCBuildConfiguration;
			buildSettings = {
				ASSETCATALOG_COMPILER_APPICON_NAME = AppIcon;
				INFOPLIST_FILE = FoodPin/Info.plist;
				LD_RUNPATH_SEARCH_PATHS = "$(inherited) @executable_path/Frameworks";
				PRODUCT_BUNDLE_IDENTIFIER = com.brijrajsinh.gohil.FoodPin;
				PRODUCT_NAME = "$(TARGET_NAME)";
			};
			name = Debug;
		};
		593CFE701C466BE000EE1F1E /* Release */ = {
			isa = XCBuildConfiguration;
			buildSettings = {
				ASSETCATALOG_COMPILER_APPICON_NAME = AppIcon;
				INFOPLIST_FILE = FoodPin/Info.plist;
				LD_RUNPATH_SEARCH_PATHS = "$(inherited) @executable_path/Frameworks";
				PRODUCT_BUNDLE_IDENTIFIER = com.brijrajsinh.gohil.FoodPin;
				PRODUCT_NAME = "$(TARGET_NAME)";
			};
			name = Release;
		};
/* End XCBuildConfiguration section */

/* Begin XCConfigurationList section */
		593CFE571C466BDF00EE1F1E /* Build configuration list for PBXProject "FoodPin" */ = {
			isa = XCConfigurationList;
			buildConfigurations = (
				593CFE6C1C466BE000EE1F1E /* Debug */,
				593CFE6D1C466BE000EE1F1E /* Release */,
			);
			defaultConfigurationIsVisible = 0;
			defaultConfigurationName = Release;
		};
		593CFE6E1C466BE000EE1F1E /* Build configuration list for PBXNativeTarget "FoodPin" */ = {
			isa = XCConfigurationList;
			buildConfigurations = (
				593CFE6F1C466BE000EE1F1E /* Debug */,
				593CFE701C466BE000EE1F1E /* Release */,
			);
			defaultConfigurationIsVisible = 0;
		};
/* End XCConfigurationList section */
	};
	rootObject = 593CFE541C466BDF00EE1F1E /* Project object */;
}
